{
  "object": {
    "pins": [
      {
        "package": "KochavaCore",
        "repositoryURL": "https://github.com/Kochava/Apple-SwiftPackage-KochavaCore",
        "state": {
          "branch": null,
          "revision": "9a6873c27bfd0b7f10f5e11ebfc3e36117b0ac03",
          "version": "4.0.0"
        }
      }
    ]
  },
  "version": 1
}
